{
  "version": 4,
  "terraform_version": "1.7.1",
  "serial": 19,
  "lineage": "bfba2e4b-0e00-ef92-9ca6-d2ad33699f6f",
  "outputs": {},
  "resources": [
    {
      "mode": "managed",
      "type": "azurerm_app_service_source_control",
      "name": "apssc",
      "provider": "provider[\"registry.terraform.io/hashicorp/azurerm\"]",
      "instances": [
        {
          "schema_version": 0,
          "attributes": {
            "app_id": "/subscriptions/cac9d5fb-3dea-49f8-9af4-a5af1f42ffcc/resourceGroups/ContactBookRG97227/providers/Microsoft.Web/sites/linux-app97227",
            "branch": "master",
            "github_action_configuration": [],
            "id": "/subscriptions/cac9d5fb-3dea-49f8-9af4-a5af1f42ffcc/resourceGroups/ContactBookRG97227/providers/Microsoft.Web/sites/linux-app97227",
            "repo_url": "https://github.com/GeorgiLukanov87/ContactBook-master",
            "rollback_enabled": false,
            "scm_type": "ExternalGit",
            "timeouts": null,
            "use_local_git": false,
            "use_manual_integration": true,
            "use_mercurial": false,
            "uses_github_action": false
          },
          "sensitive_attributes": [],
          "private": "eyJlMmJmYjczMC1lY2FhLTExZTYtOGY4OC0zNDM2M2JjN2M0YzAiOnsiY3JlYXRlIjoxODAwMDAwMDAwMDAwLCJkZWxldGUiOjE4MDAwMDAwMDAwMDAsInJlYWQiOjMwMDAwMDAwMDAwMH19",
          "dependencies": [
            "azurerm_linux_web_app.alwa",
            "azurerm_resource_group.rg",
            "azurerm_service_plan.asp",
            "random_integer.ri"
          ]
        }
      ]
    },
    {
      "mode": "managed",
      "type": "azurerm_linux_web_app",
      "name": "alwa",
      "provider": "provider[\"registry.terraform.io/hashicorp/azurerm\"]",
      "instances": [
        {
          "schema_version": 0,
          "attributes": {
            "app_settings": null,
            "auth_settings": [],
            "auth_settings_v2": [],
            "backup": [],
            "client_affinity_enabled": false,
            "client_certificate_enabled": false,
            "client_certificate_exclusion_paths": "",
            "client_certificate_mode": "Required",
            "connection_string": [],
            "custom_domain_verification_id": "DF160C89FC1BB8B7DEF4FFAD816CBE81A1D2A0E388DAA28E8AAF6D25B625B349",
            "default_hostname": "linux-app97227.azurewebsites.net",
            "enabled": true,
            "hosting_environment_id": "",
            "https_only": false,
            "id": "/subscriptions/cac9d5fb-3dea-49f8-9af4-a5af1f42ffcc/resourceGroups/ContactBookRG97227/providers/Microsoft.Web/sites/linux-app97227",
            "identity": [],
            "key_vault_reference_identity_id": "SystemAssigned",
            "kind": "app,linux",
            "location": "westeurope",
            "logs": [],
            "name": "linux-app97227",
            "outbound_ip_address_list": [
              "20.50.249.217",
              "20.50.249.232",
              "20.50.249.255",
              "20.50.250.49",
              "20.50.250.58",
              "20.50.153.49",
              "20.50.2.2"
            ],
            "outbound_ip_addresses": "20.50.249.217,20.50.249.232,20.50.249.255,20.50.250.49,20.50.250.58,20.50.153.49,20.50.2.2",
            "possible_outbound_ip_address_list": [
              "20.50.249.217",
              "20.50.249.232",
              "20.50.249.255",
              "20.50.250.49",
              "20.50.250.58",
              "20.50.153.49",
              "20.50.156.59",
              "20.50.157.109",
              "20.50.159.176",
              "20.50.159.227",
              "20.50.176.100",
              "20.50.176.128",
              "51.138.102.94",
              "51.138.103.181",
              "51.138.103.186",
              "20.50.152.150",
              "20.50.154.94",
              "20.50.159.86",
              "51.136.85.166",
              "51.136.86.103",
              "51.136.86.143",
              "51.136.86.224",
              "51.136.87.54",
              "51.136.81.111",
              "20.50.2.2"
            ],
            "possible_outbound_ip_addresses": "20.50.249.217,20.50.249.232,20.50.249.255,20.50.250.49,20.50.250.58,20.50.153.49,20.50.156.59,20.50.157.109,20.50.159.176,20.50.159.227,20.50.176.100,20.50.176.128,51.138.102.94,51.138.103.181,51.138.103.186,20.50.152.150,20.50.154.94,20.50.159.86,51.136.85.166,51.136.86.103,51.136.86.143,51.136.86.224,51.136.87.54,51.136.81.111,20.50.2.2",
            "public_network_access_enabled": true,
            "resource_group_name": "ContactBookRG97227",
            "service_plan_id": "/subscriptions/cac9d5fb-3dea-49f8-9af4-a5af1f42ffcc/resourceGroups/ContactBookRG97227/providers/Microsoft.Web/serverfarms/content-book97227",
            "site_config": [
              {
                "always_on": false,
                "api_definition_url": "",
                "api_management_api_id": "",
                "app_command_line": "",
                "application_stack": [
                  {
                    "docker_image": "",
                    "docker_image_name": "",
                    "docker_image_tag": "",
                    "docker_registry_password": "",
                    "docker_registry_url": "",
                    "docker_registry_username": "",
                    "dotnet_version": "",
                    "go_version": "",
                    "java_server": "",
                    "java_server_version": "",
                    "java_version": "",
                    "node_version": "16-lts",
                    "php_version": "",
                    "python_version": "",
                    "ruby_version": ""
                  }
                ],
                "auto_heal_enabled": false,
                "auto_heal_setting": [],
                "container_registry_managed_identity_client_id": "",
                "container_registry_use_managed_identity": false,
                "cors": [],
                "default_documents": [
                  "Default.htm",
                  "Default.html",
                  "Default.asp",
                  "index.htm",
                  "index.html",
                  "iisstart.htm",
                  "default.aspx",
                  "index.php",
                  "hostingstart.html"
                ],
                "detailed_error_logging_enabled": false,
                "ftps_state": "Disabled",
                "health_check_eviction_time_in_min": 0,
                "health_check_path": "",
                "http2_enabled": false,
                "ip_restriction": [],
                "linux_fx_version": "NODE|16-lts",
                "load_balancing_mode": "LeastRequests",
                "local_mysql_enabled": false,
                "managed_pipeline_mode": "Integrated",
                "minimum_tls_version": "1.2",
                "remote_debugging_enabled": false,
                "remote_debugging_version": "VS2019",
                "scm_ip_restriction": [],
                "scm_minimum_tls_version": "1.2",
                "scm_type": "None",
                "scm_use_main_ip_restriction": false,
                "use_32_bit_worker": true,
                "vnet_route_all_enabled": false,
                "websockets_enabled": false,
                "worker_count": 1
              }
            ],
            "site_credential": [
              {
                "name": "$linux-app97227",
                "password": "2XbgrnZLF8PZfgouAZ7132TmtfmeGKWBBA8Apm8Z8PmbJuoglQmwCGxiX2rm"
              }
            ],
            "sticky_settings": [],
            "storage_account": [],
            "tags": null,
            "timeouts": null,
            "virtual_network_subnet_id": "",
            "zip_deploy_file": ""
          },
          "sensitive_attributes": [],
          "private": "eyJlMmJmYjczMC1lY2FhLTExZTYtOGY4OC0zNDM2M2JjN2M0YzAiOnsiY3JlYXRlIjoxODAwMDAwMDAwMDAwLCJkZWxldGUiOjE4MDAwMDAwMDAwMDAsInJlYWQiOjMwMDAwMDAwMDAwMCwidXBkYXRlIjoxODAwMDAwMDAwMDAwfX0=",
          "dependencies": [
            "azurerm_resource_group.rg",
            "azurerm_service_plan.asp",
            "random_integer.ri"
          ]
        }
      ]
    },
    {
      "mode": "managed",
      "type": "azurerm_resource_group",
      "name": "rg",
      "provider": "provider[\"registry.terraform.io/hashicorp/azurerm\"]",
      "instances": [
        {
          "schema_version": 0,
          "attributes": {
            "id": "/subscriptions/cac9d5fb-3dea-49f8-9af4-a5af1f42ffcc/resourceGroups/ContactBookRG97227",
            "location": "westeurope",
            "managed_by": "",
            "name": "ContactBookRG97227",
            "tags": null,
            "timeouts": null
          },
          "sensitive_attributes": [],
          "private": "eyJlMmJmYjczMC1lY2FhLTExZTYtOGY4OC0zNDM2M2JjN2M0YzAiOnsiY3JlYXRlIjo1NDAwMDAwMDAwMDAwLCJkZWxldGUiOjU0MDAwMDAwMDAwMDAsInJlYWQiOjMwMDAwMDAwMDAwMCwidXBkYXRlIjo1NDAwMDAwMDAwMDAwfX0=",
          "dependencies": [
            "random_integer.ri"
          ]
        }
      ]
    },
    {
      "mode": "managed",
      "type": "azurerm_service_plan",
      "name": "asp",
      "provider": "provider[\"registry.terraform.io/hashicorp/azurerm\"]",
      "instances": [
        {
          "schema_version": 0,
          "attributes": {
            "app_service_environment_id": "",
            "id": "/subscriptions/cac9d5fb-3dea-49f8-9af4-a5af1f42ffcc/resourceGroups/ContactBookRG97227/providers/Microsoft.Web/serverfarms/content-book97227",
            "kind": "linux",
            "location": "westeurope",
            "maximum_elastic_worker_count": 1,
            "name": "content-book97227",
            "os_type": "Linux",
            "per_site_scaling_enabled": false,
            "reserved": true,
            "resource_group_name": "ContactBookRG97227",
            "sku_name": "F1",
            "tags": null,
            "timeouts": null,
            "worker_count": 1,
            "zone_balancing_enabled": false
          },
          "sensitive_attributes": [],
          "private": "eyJlMmJmYjczMC1lY2FhLTExZTYtOGY4OC0zNDM2M2JjN2M0YzAiOnsiY3JlYXRlIjozNjAwMDAwMDAwMDAwLCJkZWxldGUiOjM2MDAwMDAwMDAwMDAsInJlYWQiOjMwMDAwMDAwMDAwMCwidXBkYXRlIjozNjAwMDAwMDAwMDAwfX0=",
          "dependencies": [
            "azurerm_resource_group.rg",
            "random_integer.ri"
          ]
        }
      ]
    },
    {
      "mode": "managed",
      "type": "random_integer",
      "name": "ri",
      "provider": "provider[\"registry.terraform.io/hashicorp/random\"]",
      "instances": [
        {
          "schema_version": 0,
          "attributes": {
            "id": "97227",
            "keepers": null,
            "max": 99999,
            "min": 10000,
            "result": 97227,
            "seed": null
          },
          "sensitive_attributes": []
        }
      ]
    }
  ],
  "check_results": null
}
