{
  "version": 4,
  "terraform_version": "1.7.1",
  "serial": 15,
  "lineage": "98a9e084-baa8-6c6c-8897-055ff787131d",
  "outputs": {},
  "resources": [
    {
      "mode": "managed",
      "type": "azurerm_app_service_source_control",
      "name": "apssc",
      "provider": "provider[\"registry.terraform.io/hashicorp/azurerm\"]",
      "instances": [
        {
          "schema_version": 0,
          "attributes": {
            "app_id": "/subscriptions/cac9d5fb-3dea-49f8-9af4-a5af1f42ffcc/resourceGroups/TaskBoard31931/providers/Microsoft.Web/sites/linux-app31931",
            "branch": "main",
            "github_action_configuration": [],
            "id": "/subscriptions/cac9d5fb-3dea-49f8-9af4-a5af1f42ffcc/resourceGroups/TaskBoard31931/providers/Microsoft.Web/sites/linux-app31931",
            "repo_url": "https://github.com/GeorgiLukanov87/taskboard",
            "rollback_enabled": false,
            "scm_type": "ExternalGit",
            "timeouts": null,
            "use_local_git": false,
            "use_manual_integration": true,
            "use_mercurial": false,
            "uses_github_action": false
          },
          "sensitive_attributes": [],
          "private": "eyJlMmJmYjczMC1lY2FhLTExZTYtOGY4OC0zNDM2M2JjN2M0YzAiOnsiY3JlYXRlIjoxODAwMDAwMDAwMDAwLCJkZWxldGUiOjE4MDAwMDAwMDAwMDAsInJlYWQiOjMwMDAwMDAwMDAwMH19",
          "dependencies": [
            "azurerm_linux_web_app.alwa",
            "azurerm_mssql_database.database",
            "azurerm_mssql_server.sqlserver",
            "azurerm_resource_group.rg",
            "azurerm_service_plan.asp",
            "random_integer.ri"
          ]
        }
      ]
    },
    {
      "mode": "managed",
      "type": "azurerm_linux_web_app",
      "name": "alwa",
      "provider": "provider[\"registry.terraform.io/hashicorp/azurerm\"]",
      "instances": [
        {
          "schema_version": 0,
          "attributes": {
            "app_settings": null,
            "auth_settings": [],
            "auth_settings_v2": [],
            "backup": [],
            "client_affinity_enabled": false,
            "client_certificate_enabled": false,
            "client_certificate_exclusion_paths": "",
            "client_certificate_mode": "Required",
            "connection_string": [
              {
                "name": "DefaultConnection",
                "type": "SQLAzure",
                "value": "Data Source=tcp:mssqlserver31931.database.windows.net,1433;Initial Catalog=db31931;User ID=missadministrator;Password=yourStrongPassword12#;Trusted_Connection=False; MultipleActiveResultSets=True;"
              }
            ],
            "custom_domain_verification_id": "DF160C89FC1BB8B7DEF4FFAD816CBE81A1D2A0E388DAA28E8AAF6D25B625B349",
            "default_hostname": "linux-app31931.azurewebsites.net",
            "enabled": true,
            "hosting_environment_id": "",
            "https_only": false,
            "id": "/subscriptions/cac9d5fb-3dea-49f8-9af4-a5af1f42ffcc/resourceGroups/TaskBoard31931/providers/Microsoft.Web/sites/linux-app31931",
            "identity": [],
            "key_vault_reference_identity_id": "SystemAssigned",
            "kind": "app,linux",
            "location": "westeurope",
            "logs": [],
            "name": "linux-app31931",
            "outbound_ip_address_list": [
              "20.238.237.150",
              "20.238.237.237",
              "20.238.237.241",
              "20.238.237.246",
              "20.238.238.7",
              "20.123.230.214",
              "20.238.232.223",
              "20.31.35.218",
              "20.238.233.16",
              "20.238.234.131",
              "20.238.234.214",
              "20.238.235.37",
              "20.105.216.41"
            ],
            "outbound_ip_addresses": "20.238.237.150,20.238.237.237,20.238.237.241,20.238.237.246,20.238.238.7,20.123.230.214,20.238.232.223,20.31.35.218,20.238.233.16,20.238.234.131,20.238.234.214,20.238.235.37,20.105.216.41",
            "possible_outbound_ip_address_list": [
              "20.238.237.150",
              "20.238.237.237",
              "20.238.237.241",
              "20.238.237.246",
              "20.238.238.7",
              "20.123.230.214",
              "20.238.232.223",
              "20.31.35.218",
              "20.238.233.16",
              "20.238.234.131",
              "20.238.234.214",
              "20.238.235.37",
              "20.123.231.226",
              "20.238.235.43",
              "20.238.235.48",
              "20.238.235.159",
              "20.31.38.252",
              "20.238.236.27",
              "20.238.236.71",
              "20.238.236.190",
              "20.238.237.98",
              "20.238.237.100",
              "20.238.237.115",
              "20.103.143.129",
              "20.238.237.150",
              "20.238.237.237",
              "20.238.237.241",
              "20.238.237.246",
              "20.238.238.7",
              "20.123.230.214",
              "20.31.33.43",
              "20.238.235.196",
              "20.238.238.21",
              "20.238.238.41",
              "20.238.238.52",
              "20.238.238.60",
              "20.105.216.41"
            ],
            "possible_outbound_ip_addresses": "20.238.237.150,20.238.237.237,20.238.237.241,20.238.237.246,20.238.238.7,20.123.230.214,20.238.232.223,20.31.35.218,20.238.233.16,20.238.234.131,20.238.234.214,20.238.235.37,20.123.231.226,20.238.235.43,20.238.235.48,20.238.235.159,20.31.38.252,20.238.236.27,20.238.236.71,20.238.236.190,20.238.237.98,20.238.237.100,20.238.237.115,20.103.143.129,20.238.237.150,20.238.237.237,20.238.237.241,20.238.237.246,20.238.238.7,20.123.230.214,20.31.33.43,20.238.235.196,20.238.238.21,20.238.238.41,20.238.238.52,20.238.238.60,20.105.216.41",
            "public_network_access_enabled": true,
            "resource_group_name": "TaskBoard31931",
            "service_plan_id": "/subscriptions/cac9d5fb-3dea-49f8-9af4-a5af1f42ffcc/resourceGroups/TaskBoard31931/providers/Microsoft.Web/serverfarms/TaskBoard31931",
            "site_config": [
              {
                "always_on": false,
                "api_definition_url": "",
                "api_management_api_id": "",
                "app_command_line": "",
                "application_stack": [
                  {
                    "docker_image": "",
                    "docker_image_name": "",
                    "docker_image_tag": "",
                    "docker_registry_password": "",
                    "docker_registry_url": "",
                    "docker_registry_username": "",
                    "dotnet_version": "6.0",
                    "go_version": "",
                    "java_server": "",
                    "java_server_version": "",
                    "java_version": "",
                    "node_version": "",
                    "php_version": "",
                    "python_version": "",
                    "ruby_version": ""
                  }
                ],
                "auto_heal_enabled": false,
                "auto_heal_setting": [],
                "container_registry_managed_identity_client_id": "",
                "container_registry_use_managed_identity": false,
                "cors": [],
                "default_documents": [
                  "Default.htm",
                  "Default.html",
                  "Default.asp",
                  "index.htm",
                  "index.html",
                  "iisstart.htm",
                  "default.aspx",
                  "index.php",
                  "hostingstart.html"
                ],
                "detailed_error_logging_enabled": false,
                "ftps_state": "Disabled",
                "health_check_eviction_time_in_min": 0,
                "health_check_path": "",
                "http2_enabled": false,
                "ip_restriction": [],
                "linux_fx_version": "DOTNETCORE|6.0",
                "load_balancing_mode": "LeastRequests",
                "local_mysql_enabled": false,
                "managed_pipeline_mode": "Integrated",
                "minimum_tls_version": "1.2",
                "remote_debugging_enabled": false,
                "remote_debugging_version": "VS2019",
                "scm_ip_restriction": [],
                "scm_minimum_tls_version": "1.2",
                "scm_type": "None",
                "scm_use_main_ip_restriction": false,
                "use_32_bit_worker": true,
                "vnet_route_all_enabled": false,
                "websockets_enabled": false,
                "worker_count": 1
              }
            ],
            "site_credential": [
              {
                "name": "$linux-app31931",
                "password": "QCZDEobjSwoSrSlGask2xRb024SKmewAtTnkGJTY0CGs3tf5PjioNzw4nBqQ"
              }
            ],
            "sticky_settings": [],
            "storage_account": [],
            "tags": null,
            "timeouts": null,
            "virtual_network_subnet_id": "",
            "zip_deploy_file": ""
          },
          "sensitive_attributes": [
            [
              {
                "type": "get_attr",
                "value": "connection_string"
              }
            ]
          ],
          "private": "eyJlMmJmYjczMC1lY2FhLTExZTYtOGY4OC0zNDM2M2JjN2M0YzAiOnsiY3JlYXRlIjoxODAwMDAwMDAwMDAwLCJkZWxldGUiOjE4MDAwMDAwMDAwMDAsInJlYWQiOjMwMDAwMDAwMDAwMCwidXBkYXRlIjoxODAwMDAwMDAwMDAwfX0=",
          "dependencies": [
            "azurerm_mssql_database.database",
            "azurerm_mssql_server.sqlserver",
            "azurerm_resource_group.rg",
            "azurerm_service_plan.asp",
            "random_integer.ri"
          ]
        }
      ]
    },
    {
      "mode": "managed",
      "type": "azurerm_mssql_database",
      "name": "database",
      "provider": "provider[\"registry.terraform.io/hashicorp/azurerm\"]",
      "instances": [
        {
          "schema_version": 1,
          "attributes": {
            "auto_pause_delay_in_minutes": 0,
            "collation": "SQL_Latin1_General_CP1_CI_AS",
            "create_mode": "Default",
            "creation_source_database_id": null,
            "elastic_pool_id": "",
            "geo_backup_enabled": true,
            "id": "/subscriptions/cac9d5fb-3dea-49f8-9af4-a5af1f42ffcc/resourceGroups/TaskBoard31931/providers/Microsoft.Sql/servers/mssqlserver31931/databases/db31931",
            "import": [],
            "ledger_enabled": false,
            "license_type": "LicenseIncluded",
            "long_term_retention_policy": [
              {
                "monthly_retention": "PT0S",
                "week_of_year": 1,
                "weekly_retention": "PT0S",
                "yearly_retention": "PT0S"
              }
            ],
            "maintenance_configuration_name": "SQL_Default",
            "max_size_gb": 2,
            "min_capacity": 0,
            "name": "db31931",
            "read_replica_count": 0,
            "read_scale": false,
            "recover_database_id": null,
            "restore_dropped_database_id": null,
            "restore_point_in_time": null,
            "sample_name": null,
            "server_id": "/subscriptions/cac9d5fb-3dea-49f8-9af4-a5af1f42ffcc/resourceGroups/TaskBoard31931/providers/Microsoft.Sql/servers/mssqlserver31931",
            "short_term_retention_policy": [
              {
                "backup_interval_in_hours": 24,
                "retention_days": 7
              }
            ],
            "sku_name": "S0",
            "storage_account_type": "Geo",
            "tags": null,
            "threat_detection_policy": [
              {
                "disabled_alerts": [],
                "email_account_admins": "Disabled",
                "email_addresses": [],
                "retention_days": 0,
                "state": "Disabled",
                "storage_account_access_key": "",
                "storage_endpoint": ""
              }
            ],
            "timeouts": null,
            "transparent_data_encryption_enabled": true,
            "zone_redundant": false
          },
          "sensitive_attributes": [],
          "private": "eyJlMmJmYjczMC1lY2FhLTExZTYtOGY4OC0zNDM2M2JjN2M0YzAiOnsiY3JlYXRlIjozNjAwMDAwMDAwMDAwLCJkZWxldGUiOjM2MDAwMDAwMDAwMDAsInJlYWQiOjMwMDAwMDAwMDAwMCwidXBkYXRlIjozNjAwMDAwMDAwMDAwfSwic2NoZW1hX3ZlcnNpb24iOiIxIn0=",
          "dependencies": [
            "azurerm_mssql_server.sqlserver",
            "azurerm_resource_group.rg",
            "random_integer.ri"
          ]
        }
      ]
    },
    {
      "mode": "managed",
      "type": "azurerm_mssql_firewall_rule",
      "name": "firewall",
      "provider": "provider[\"registry.terraform.io/hashicorp/azurerm\"]",
      "instances": [
        {
          "schema_version": 0,
          "attributes": {
            "end_ip_address": "0.0.0.0",
            "id": "/subscriptions/cac9d5fb-3dea-49f8-9af4-a5af1f42ffcc/resourceGroups/TaskBoard31931/providers/Microsoft.Sql/servers/mssqlserver31931/firewallRules/FirewallRule31931",
            "name": "FirewallRule31931",
            "server_id": "/subscriptions/cac9d5fb-3dea-49f8-9af4-a5af1f42ffcc/resourceGroups/TaskBoard31931/providers/Microsoft.Sql/servers/mssqlserver31931",
            "start_ip_address": "0.0.0.0",
            "timeouts": null
          },
          "sensitive_attributes": [],
          "private": "eyJlMmJmYjczMC1lY2FhLTExZTYtOGY4OC0zNDM2M2JjN2M0YzAiOnsiY3JlYXRlIjoxODAwMDAwMDAwMDAwLCJkZWxldGUiOjE4MDAwMDAwMDAwMDAsInJlYWQiOjMwMDAwMDAwMDAwMCwidXBkYXRlIjoxODAwMDAwMDAwMDAwfX0=",
          "dependencies": [
            "azurerm_mssql_server.sqlserver",
            "azurerm_resource_group.rg",
            "random_integer.ri"
          ]
        }
      ]
    },
    {
      "mode": "managed",
      "type": "azurerm_mssql_server",
      "name": "sqlserver",
      "provider": "provider[\"registry.terraform.io/hashicorp/azurerm\"]",
      "instances": [
        {
          "schema_version": 0,
          "attributes": {
            "administrator_login": "missadministrator",
            "administrator_login_password": "yourStrongPassword12#",
            "azuread_administrator": [],
            "connection_policy": "Default",
            "fully_qualified_domain_name": "mssqlserver31931.database.windows.net",
            "id": "/subscriptions/cac9d5fb-3dea-49f8-9af4-a5af1f42ffcc/resourceGroups/TaskBoard31931/providers/Microsoft.Sql/servers/mssqlserver31931",
            "identity": [],
            "location": "westeurope",
            "minimum_tls_version": "1.2",
            "name": "mssqlserver31931",
            "outbound_network_restriction_enabled": false,
            "primary_user_assigned_identity_id": "",
            "public_network_access_enabled": true,
            "resource_group_name": "TaskBoard31931",
            "restorable_dropped_database_ids": [],
            "tags": {},
            "timeouts": null,
            "transparent_data_encryption_key_vault_key_id": "",
            "version": "12.0"
          },
          "sensitive_attributes": [],
          "private": "eyJlMmJmYjczMC1lY2FhLTExZTYtOGY4OC0zNDM2M2JjN2M0YzAiOnsiY3JlYXRlIjozNjAwMDAwMDAwMDAwLCJkZWxldGUiOjM2MDAwMDAwMDAwMDAsInJlYWQiOjMwMDAwMDAwMDAwMCwidXBkYXRlIjozNjAwMDAwMDAwMDAwfX0=",
          "dependencies": [
            "azurerm_resource_group.rg",
            "random_integer.ri"
          ]
        }
      ]
    },
    {
      "mode": "managed",
      "type": "azurerm_resource_group",
      "name": "rg",
      "provider": "provider[\"registry.terraform.io/hashicorp/azurerm\"]",
      "instances": [
        {
          "schema_version": 0,
          "attributes": {
            "id": "/subscriptions/cac9d5fb-3dea-49f8-9af4-a5af1f42ffcc/resourceGroups/TaskBoard31931",
            "location": "westeurope",
            "managed_by": "",
            "name": "TaskBoard31931",
            "tags": {},
            "timeouts": null
          },
          "sensitive_attributes": [],
          "private": "eyJlMmJmYjczMC1lY2FhLTExZTYtOGY4OC0zNDM2M2JjN2M0YzAiOnsiY3JlYXRlIjo1NDAwMDAwMDAwMDAwLCJkZWxldGUiOjU0MDAwMDAwMDAwMDAsInJlYWQiOjMwMDAwMDAwMDAwMCwidXBkYXRlIjo1NDAwMDAwMDAwMDAwfX0=",
          "dependencies": [
            "random_integer.ri"
          ]
        }
      ]
    },
    {
      "mode": "managed",
      "type": "azurerm_service_plan",
      "name": "asp",
      "provider": "provider[\"registry.terraform.io/hashicorp/azurerm\"]",
      "instances": [
        {
          "schema_version": 0,
          "attributes": {
            "app_service_environment_id": "",
            "id": "/subscriptions/cac9d5fb-3dea-49f8-9af4-a5af1f42ffcc/resourceGroups/TaskBoard31931/providers/Microsoft.Web/serverfarms/TaskBoard31931",
            "kind": "linux",
            "location": "westeurope",
            "maximum_elastic_worker_count": 1,
            "name": "TaskBoard31931",
            "os_type": "Linux",
            "per_site_scaling_enabled": false,
            "reserved": true,
            "resource_group_name": "TaskBoard31931",
            "sku_name": "F1",
            "tags": {},
            "timeouts": null,
            "worker_count": 1,
            "zone_balancing_enabled": false
          },
          "sensitive_attributes": [],
          "private": "eyJlMmJmYjczMC1lY2FhLTExZTYtOGY4OC0zNDM2M2JjN2M0YzAiOnsiY3JlYXRlIjozNjAwMDAwMDAwMDAwLCJkZWxldGUiOjM2MDAwMDAwMDAwMDAsInJlYWQiOjMwMDAwMDAwMDAwMCwidXBkYXRlIjozNjAwMDAwMDAwMDAwfX0=",
          "dependencies": [
            "azurerm_resource_group.rg",
            "random_integer.ri"
          ]
        }
      ]
    },
    {
      "mode": "managed",
      "type": "random_integer",
      "name": "ri",
      "provider": "provider[\"registry.terraform.io/hashicorp/random\"]",
      "instances": [
        {
          "schema_version": 0,
          "attributes": {
            "id": "31931",
            "keepers": null,
            "max": 99999,
            "min": 10000,
            "result": 31931,
            "seed": null
          },
          "sensitive_attributes": []
        }
      ]
    }
  ],
  "check_results": null
}
